# THIS IS AN AUTOGENERATED FILE. DO NOT EDIT THIS FILE DIRECTLY.
# yarn lockfile v1


jeefo_javascript_beautifier@^0.0.5:
  version "0.0.5"
  resolved "https://registry.yarnpkg.com/jeefo_javascript_beautifier/-/jeefo_javascript_beautifier-0.0.5.tgz#60c8a759fd8afdb1132898e36974699b87ed8855"

jeefo_javascript_parser@^0.0.16:
  version "0.0.16"
  resolved "https://registry.yarnpkg.com/jeefo_javascript_parser/-/jeefo_javascript_parser-0.0.16.tgz#3f5cf2986325f375c360eebbf98c1b3fde413505"
  dependencies:
    jeefo_tokenizer "^0.0.29"

jeefo_preprocessor@^0.0.2:
  version "0.0.2"
  resolved "https://registry.yarnpkg.com/jeefo_preprocessor/-/jeefo_preprocessor-0.0.2.tgz#3c3baa96d15ad1c32fb14171bb78bbea70765a4e"
  dependencies:
    jeefo_javascript_beautifier "^0.0.5"
    jeefo_javascript_parser "^0.0.16"

jeefo_tokenizer@^0.0.29:
  version "0.0.29"
  resolved "https://registry.yarnpkg.com/jeefo_tokenizer/-/jeefo_tokenizer-0.0.29.tgz#38b1e9dfde41378af5a74c58e3cb6997095ec53e"
  dependencies:
    jeefo_utils "^0.0.1"

jeefo_utils@^0.0.1:
  version "0.0.1"
  resolved "https://registry.yarnpkg.com/jeefo_utils/-/jeefo_utils-0.0.1.tgz#589c5e41a6c059ed7cf48798ee7185ff20e70905"
